
Microsoft Visual Studio Solution File, Format Version 12.00
# Visual Studio Version 17
VisualStudioVersion = 17.13.35818.85 d17.13
MinimumVisualStudioVersion = 10.0.40219.1
Project("{FAE04EC0-301F-11D3-BF4B-00C04F79EFBC}") = "U7Quizzes", "U7Quizzes\U7Quizzes.csproj", "{26DD180A-3CAC-4046-82D7-C3A50547311A}"
EndProject
Global
	GlobalSection(SolutionConfigurationPlatforms) = preSolution
		Debug|Any CPU = Debug|Any CPU
		Release|Any CPU = Release|Any CPU
	EndGlobalSection
	GlobalSection(ProjectConfigurationPlatforms) = postSolution
		{26DD180A-3CAC-4046-82D7-C3A50547311A}.Debug|Any CPU.ActiveCfg = Debug|Any CPU
		{26DD180A-3CAC-4046-82D7-C3A50547311A}.Debug|Any CPU.Build.0 = Debug|Any CPU
		{26DD180A-3CAC-4046-82D7-C3A50547311A}.Release|Any CPU.ActiveCfg = Release|Any CPU
		{26DD180A-3CAC-4046-82D7-C3A50547311A}.Release|Any CPU.Build.0 = Release|Any CPU
	EndGlobalSection
	GlobalSection(SolutionProperties) = preSolution
		HideSolutionNode = FALSE
	EndGlobalSection
	GlobalSection(ExtensibilityGlobals) = postSolution
		SolutionGuid = {3131AE2F-589F-43E3-B263-D1F9173E38F3}
	EndGlobalSection
EndGlobal
